Microsoft Visual Studio Solution File, Format Version 11.00
# Visual Studio 2008

Project("{B7B007C2-7D61-2CDB-794D-1B8F6B453179}") = "ParaPark", "Assembly-CSharp.csproj", "{760C72F3-5F85-5BDE-B90C-4CC4F4DDA0AB}"
EndProject
Global
	GlobalSection(SolutionConfigurationPlatforms) = preSolution
		Debug|Any CPU = Debug|Any CPU
		Release|Any CPU = Release|Any CPU
	EndGlobalSection
	GlobalSection(ProjectConfigurationPlatforms) = postSolution
		{760C72F3-5F85-5BDE-B90C-4CC4F4DDA0AB}.Debug|Any CPU.ActiveCfg = Debug|Any CPU
		{760C72F3-5F85-5BDE-B90C-4CC4F4DDA0AB}.Debug|Any CPU.Build.0 = Debug|Any CPU
		{760C72F3-5F85-5BDE-B90C-4CC4F4DDA0AB}.Release|Any CPU.ActiveCfg = Release|Any CPU
		{760C72F3-5F85-5BDE-B90C-4CC4F4DDA0AB}.Release|Any CPU.Build.0 = Release|Any CPU
	EndGlobalSection
	GlobalSection(SolutionProperties) = preSolution
		HideSolutionNode = FALSE
	EndGlobalSection
	GlobalSection(MonoDevelopProperties) = preSolution
		StartupItem = Assembly-CSharp.csproj
	EndGlobalSection
EndGlobal
