Microsoft Visual Studio Solution File, Format Version 11.00
# Visual Studio 2008

Project("{9163D672-8BE8-E562-09D8-BB8228C9BFCC}") = "Parapark", "Assembly-CSharp.csproj", "{574FA6FE-890D-EA45-DD62-171A88848988}"
EndProject
Global
	GlobalSection(SolutionConfigurationPlatforms) = preSolution
		Debug|Any CPU = Debug|Any CPU
		Release|Any CPU = Release|Any CPU
	EndGlobalSection
	GlobalSection(ProjectConfigurationPlatforms) = postSolution
		{574FA6FE-890D-EA45-DD62-171A88848988}.Debug|Any CPU.ActiveCfg = Debug|Any CPU
		{574FA6FE-890D-EA45-DD62-171A88848988}.Debug|Any CPU.Build.0 = Debug|Any CPU
		{574FA6FE-890D-EA45-DD62-171A88848988}.Release|Any CPU.ActiveCfg = Release|Any CPU
		{574FA6FE-890D-EA45-DD62-171A88848988}.Release|Any CPU.Build.0 = Release|Any CPU
	EndGlobalSection
	GlobalSection(SolutionProperties) = preSolution
		HideSolutionNode = FALSE
	EndGlobalSection
	GlobalSection(MonoDevelopProperties) = preSolution
		StartupItem = Assembly-CSharp.csproj
	EndGlobalSection
EndGlobal
